
Microsoft Visual Studio Solution File, Format Version 12.00
# Visual Studio Version 17
VisualStudioVersion = 17.1.32414.318
MinimumVisualStudioVersion = 10.0.40219.1
Project("{9A19103F-16F7-4668-BE54-9A1E7A4F7556}") = "UnitTest", "UnitTest\UnitTest.csproj", "{38414E99-2F2C-41FE-A55A-3D6B9AAB418A}"
EndProject
Project("{2150E333-8FDC-42A3-9474-1A3956D46DE8}") = "Solution Items", "Solution Items", "{BC542DD7-9EE9-424E-BF80-C5EBB6A318F6}"
	ProjectSection(SolutionItems) = preProject
		Combined.cs = Combined.cs
	EndProjectSection
EndProject
Project("{FAE04EC0-301F-11D3-BF4B-00C04F79EFBC}") = "Solution", "Solution\Solution.csproj", "{B9549DB0-6CE0-4CC1-B45C-902B82B92F07}"
EndProject
Global
	GlobalSection(SolutionConfigurationPlatforms) = preSolution
		Debug|Any CPU = Debug|Any CPU
		Release|Any CPU = Release|Any CPU
	EndGlobalSection
	GlobalSection(ProjectConfigurationPlatforms) = postSolution
		{38414E99-2F2C-41FE-A55A-3D6B9AAB418A}.Debug|Any CPU.ActiveCfg = Debug|Any CPU
		{38414E99-2F2C-41FE-A55A-3D6B9AAB418A}.Debug|Any CPU.Build.0 = Debug|Any CPU
		{38414E99-2F2C-41FE-A55A-3D6B9AAB418A}.Release|Any CPU.ActiveCfg = Release|Any CPU
		{38414E99-2F2C-41FE-A55A-3D6B9AAB418A}.Release|Any CPU.Build.0 = Release|Any CPU
		{B9549DB0-6CE0-4CC1-B45C-902B82B92F07}.Debug|Any CPU.ActiveCfg = Debug|Any CPU
		{B9549DB0-6CE0-4CC1-B45C-902B82B92F07}.Debug|Any CPU.Build.0 = Debug|Any CPU
		{B9549DB0-6CE0-4CC1-B45C-902B82B92F07}.Release|Any CPU.ActiveCfg = Release|Any CPU
		{B9549DB0-6CE0-4CC1-B45C-902B82B92F07}.Release|Any CPU.Build.0 = Release|Any CPU
	EndGlobalSection
	GlobalSection(SolutionProperties) = preSolution
		HideSolutionNode = FALSE
	EndGlobalSection
	GlobalSection(ExtensibilityGlobals) = postSolution
		SolutionGuid = {FD2F4573-1E6B-4892-BCE7-E63CD46362CA}
	EndGlobalSection
EndGlobal
